
Microsoft Visual Studio Solution File, Format Version 12.00
# Visual Studio 15
VisualStudioVersion = 15.0.26124.0
MinimumVisualStudioVersion = 15.0.26124.0
Project("{FAE04EC0-301F-11D3-BF4B-00C04F79EFBC}") = "API", "API\API.csproj", "{E896D5C8-A69C-4D44-AEA0-706AAE75579D}"
EndProject
Project("{FAE04EC0-301F-11D3-BF4B-00C04F79EFBC}") = "Core", "Core\Core.csproj", "{0136B25B-58B9-40B9-8532-9FE8FA7B06FA}"
EndProject
Project("{FAE04EC0-301F-11D3-BF4B-00C04F79EFBC}") = "Infrastructure", "Infrastructure\Infrastructure.csproj", "{E77D2E34-BD8C-48BC-AF84-C5D183697D6F}"
EndProject
Global
	GlobalSection(SolutionConfigurationPlatforms) = preSolution
		Debug|Any CPU = Debug|Any CPU
		Debug|x64 = Debug|x64
		Debug|x86 = Debug|x86
		Release|Any CPU = Release|Any CPU
		Release|x64 = Release|x64
		Release|x86 = Release|x86
	EndGlobalSection
	GlobalSection(SolutionProperties) = preSolution
		HideSolutionNode = FALSE
	EndGlobalSection
	GlobalSection(ProjectConfigurationPlatforms) = postSolution
		{E896D5C8-A69C-4D44-AEA0-706AAE75579D}.Debug|Any CPU.ActiveCfg = Debug|Any CPU
		{E896D5C8-A69C-4D44-AEA0-706AAE75579D}.Debug|Any CPU.Build.0 = Debug|Any CPU
		{E896D5C8-A69C-4D44-AEA0-706AAE75579D}.Debug|x64.ActiveCfg = Debug|Any CPU
		{E896D5C8-A69C-4D44-AEA0-706AAE75579D}.Debug|x64.Build.0 = Debug|Any CPU
		{E896D5C8-A69C-4D44-AEA0-706AAE75579D}.Debug|x86.ActiveCfg = Debug|Any CPU
		{E896D5C8-A69C-4D44-AEA0-706AAE75579D}.Debug|x86.Build.0 = Debug|Any CPU
		{E896D5C8-A69C-4D44-AEA0-706AAE75579D}.Release|Any CPU.ActiveCfg = Release|Any CPU
		{E896D5C8-A69C-4D44-AEA0-706AAE75579D}.Release|Any CPU.Build.0 = Release|Any CPU
		{E896D5C8-A69C-4D44-AEA0-706AAE75579D}.Release|x64.ActiveCfg = Release|Any CPU
		{E896D5C8-A69C-4D44-AEA0-706AAE75579D}.Release|x64.Build.0 = Release|Any CPU
		{E896D5C8-A69C-4D44-AEA0-706AAE75579D}.Release|x86.ActiveCfg = Release|Any CPU
		{E896D5C8-A69C-4D44-AEA0-706AAE75579D}.Release|x86.Build.0 = Release|Any CPU
		{0136B25B-58B9-40B9-8532-9FE8FA7B06FA}.Debug|Any CPU.ActiveCfg = Debug|Any CPU
		{0136B25B-58B9-40B9-8532-9FE8FA7B06FA}.Debug|Any CPU.Build.0 = Debug|Any CPU
		{0136B25B-58B9-40B9-8532-9FE8FA7B06FA}.Debug|x64.ActiveCfg = Debug|Any CPU
		{0136B25B-58B9-40B9-8532-9FE8FA7B06FA}.Debug|x64.Build.0 = Debug|Any CPU
		{0136B25B-58B9-40B9-8532-9FE8FA7B06FA}.Debug|x86.ActiveCfg = Debug|Any CPU
		{0136B25B-58B9-40B9-8532-9FE8FA7B06FA}.Debug|x86.Build.0 = Debug|Any CPU
		{0136B25B-58B9-40B9-8532-9FE8FA7B06FA}.Release|Any CPU.ActiveCfg = Release|Any CPU
		{0136B25B-58B9-40B9-8532-9FE8FA7B06FA}.Release|Any CPU.Build.0 = Release|Any CPU
		{0136B25B-58B9-40B9-8532-9FE8FA7B06FA}.Release|x64.ActiveCfg = Release|Any CPU
		{0136B25B-58B9-40B9-8532-9FE8FA7B06FA}.Release|x64.Build.0 = Release|Any CPU
		{0136B25B-58B9-40B9-8532-9FE8FA7B06FA}.Release|x86.ActiveCfg = Release|Any CPU
		{0136B25B-58B9-40B9-8532-9FE8FA7B06FA}.Release|x86.Build.0 = Release|Any CPU
		{E77D2E34-BD8C-48BC-AF84-C5D183697D6F}.Debug|Any CPU.ActiveCfg = Debug|Any CPU
		{E77D2E34-BD8C-48BC-AF84-C5D183697D6F}.Debug|Any CPU.Build.0 = Debug|Any CPU
		{E77D2E34-BD8C-48BC-AF84-C5D183697D6F}.Debug|x64.ActiveCfg = Debug|Any CPU
		{E77D2E34-BD8C-48BC-AF84-C5D183697D6F}.Debug|x64.Build.0 = Debug|Any CPU
		{E77D2E34-BD8C-48BC-AF84-C5D183697D6F}.Debug|x86.ActiveCfg = Debug|Any CPU
		{E77D2E34-BD8C-48BC-AF84-C5D183697D6F}.Debug|x86.Build.0 = Debug|Any CPU
		{E77D2E34-BD8C-48BC-AF84-C5D183697D6F}.Release|Any CPU.ActiveCfg = Release|Any CPU
		{E77D2E34-BD8C-48BC-AF84-C5D183697D6F}.Release|Any CPU.Build.0 = Release|Any CPU
		{E77D2E34-BD8C-48BC-AF84-C5D183697D6F}.Release|x64.ActiveCfg = Release|Any CPU
		{E77D2E34-BD8C-48BC-AF84-C5D183697D6F}.Release|x64.Build.0 = Release|Any CPU
		{E77D2E34-BD8C-48BC-AF84-C5D183697D6F}.Release|x86.ActiveCfg = Release|Any CPU
		{E77D2E34-BD8C-48BC-AF84-C5D183697D6F}.Release|x86.Build.0 = Release|Any CPU
	EndGlobalSection
EndGlobal
